
Microsoft Visual Studio Solution File, Format Version 12.00
# Visual Studio 14
VisualStudioVersion = 14.0.24720.0
MinimumVisualStudioVersion = 10.0.40219.1
Project("{FAE04EC0-301F-11D3-BF4B-00C04F79EFBC}") = "UPnPNet", "UPnPNet\UPnPNet.csproj", "{2E3DB1C1-7CA4-4ECA-970D-4615545EA6FC}"
EndProject
Project("{FAE04EC0-301F-11D3-BF4B-00C04F79EFBC}") = "UPnPNet.Presentation.CMD", "UPnPNet.Presentation.CMD\UPnPNet.Presentation.CMD.csproj", "{FCFFF157-0090-4A97-8533-7B13DBE48F2D}"
EndProject
Global
	GlobalSection(SolutionConfigurationPlatforms) = preSolution
		Debug|Any CPU = Debug|Any CPU
		Release|Any CPU = Release|Any CPU
	EndGlobalSection
	GlobalSection(ProjectConfigurationPlatforms) = postSolution
		{2E3DB1C1-7CA4-4ECA-970D-4615545EA6FC}.Debug|Any CPU.ActiveCfg = Debug|Any CPU
		{2E3DB1C1-7CA4-4ECA-970D-4615545EA6FC}.Debug|Any CPU.Build.0 = Debug|Any CPU
		{2E3DB1C1-7CA4-4ECA-970D-4615545EA6FC}.Release|Any CPU.ActiveCfg = Release|Any CPU
		{2E3DB1C1-7CA4-4ECA-970D-4615545EA6FC}.Release|Any CPU.Build.0 = Release|Any CPU
		{FCFFF157-0090-4A97-8533-7B13DBE48F2D}.Debug|Any CPU.ActiveCfg = Debug|Any CPU
		{FCFFF157-0090-4A97-8533-7B13DBE48F2D}.Debug|Any CPU.Build.0 = Debug|Any CPU
		{FCFFF157-0090-4A97-8533-7B13DBE48F2D}.Release|Any CPU.ActiveCfg = Release|Any CPU
		{FCFFF157-0090-4A97-8533-7B13DBE48F2D}.Release|Any CPU.Build.0 = Release|Any CPU
	EndGlobalSection
	GlobalSection(SolutionProperties) = preSolution
		HideSolutionNode = FALSE
	EndGlobalSection
EndGlobal
