
Microsoft Visual Studio Solution File, Format Version 12.00
# Visual Studio 15
VisualStudioVersion = 15.0.26228.9
MinimumVisualStudioVersion = 10.0.40219.1
Project("{9A19103F-16F7-4668-BE54-9A1E7A4F7556}") = "UPnPNet", "UPnPNet\UPnPNet.csproj", "{2307F29B-DB19-4A87-9D11-F615837B1317}"
EndProject
Project("{9A19103F-16F7-4668-BE54-9A1E7A4F7556}") = "UPnP.Test.Unit", "UPnP.Test.Unit\UPnP.Test.Unit.csproj", "{EFA427C3-5A49-4725-A67E-CFB394930E60}"
EndProject
Project("{9A19103F-16F7-4668-BE54-9A1E7A4F7556}") = "UPnPNet.Presentation.Cli", "UPnPNet.Presentation.Cli\UPnPNet.Presentation.Cli.csproj", "{6DCF3D00-26FA-4880-A410-5B8EF704FC07}"
EndProject
Global
	GlobalSection(SolutionConfigurationPlatforms) = preSolution
		Debug|Any CPU = Debug|Any CPU
		Release|Any CPU = Release|Any CPU
	EndGlobalSection
	GlobalSection(ProjectConfigurationPlatforms) = postSolution
		{2307F29B-DB19-4A87-9D11-F615837B1317}.Debug|Any CPU.ActiveCfg = Debug|Any CPU
		{2307F29B-DB19-4A87-9D11-F615837B1317}.Debug|Any CPU.Build.0 = Debug|Any CPU
		{2307F29B-DB19-4A87-9D11-F615837B1317}.Release|Any CPU.ActiveCfg = Release|Any CPU
		{2307F29B-DB19-4A87-9D11-F615837B1317}.Release|Any CPU.Build.0 = Release|Any CPU
		{EFA427C3-5A49-4725-A67E-CFB394930E60}.Debug|Any CPU.ActiveCfg = Debug|Any CPU
		{EFA427C3-5A49-4725-A67E-CFB394930E60}.Debug|Any CPU.Build.0 = Debug|Any CPU
		{EFA427C3-5A49-4725-A67E-CFB394930E60}.Release|Any CPU.ActiveCfg = Release|Any CPU
		{EFA427C3-5A49-4725-A67E-CFB394930E60}.Release|Any CPU.Build.0 = Release|Any CPU
		{6DCF3D00-26FA-4880-A410-5B8EF704FC07}.Debug|Any CPU.ActiveCfg = Debug|Any CPU
		{6DCF3D00-26FA-4880-A410-5B8EF704FC07}.Debug|Any CPU.Build.0 = Debug|Any CPU
		{6DCF3D00-26FA-4880-A410-5B8EF704FC07}.Release|Any CPU.ActiveCfg = Release|Any CPU
		{6DCF3D00-26FA-4880-A410-5B8EF704FC07}.Release|Any CPU.Build.0 = Release|Any CPU
	EndGlobalSection
	GlobalSection(SolutionProperties) = preSolution
		HideSolutionNode = FALSE
	EndGlobalSection
EndGlobal
